# This file is automatically @generated by Cargo.
# It is not intended for manual editing.
version = 3

[[package]]
name = "bitflags"
version = "0.3.3"
source = "registry+https://github.com/rust-lang/crates.io-index"
checksum = "32866f4d103c4e438b1db1158aa1b1a80ee078e5d77a59a2f906fd62a577389c"

[[package]]
name = "bitflags"
version = "0.4.0"
source = "registry+https://github.com/rust-lang/crates.io-index"
checksum = "8dead7461c1127cf637931a1e50934eb6eee8bff2f74433ac7909e9afcee04a3"

[[package]]
name = "bytes"
version = "0.3.0"
source = "registry+https://github.com/rust-lang/crates.io-index"
checksum = "c129aff112dcc562970abb69e2508b40850dd24c274761bb50fb8a0067ba6c27"

[[package]]
name = "cfg-if"
version = "0.1.0"
source = "registry+https://github.com/rust-lang/crates.io-index"
checksum = "de1e760d7b6535af4241fca8bd8adf68e2e7edacc6b29f5d399050c5e48cf88c"

[[package]]
name = "faster-change-scanning"
version = "0.1.0"
dependencies = [
 "notify",
]

[[package]]
name = "filetime"
version = "0.1.9"
source = "registry+https://github.com/rust-lang/crates.io-index"
checksum = "0d92ee900a666cfad5685339c11e820633e5cc44e0cae4afdad77241523c25f1"
dependencies = [
 "kernel32-sys",
 "libc 0.2.126",
 "winapi 0.2.5",
]

[[package]]
name = "fsevent"
version = "0.2.12"
source = "registry+https://github.com/rust-lang/crates.io-index"
checksum = "8506f9177a4590235c988f2b74c0824da1ae18edc4942997f4739f592b6631af"
dependencies = [
 "bitflags 0.4.0",
 "fsevent-sys",
 "libc 0.1.12",
]

[[package]]
name = "fsevent-sys"
version = "0.1.3"
source = "registry+https://github.com/rust-lang/crates.io-index"
checksum = "5a63484074edeeface89fb330eae86bd987548e38bd4c8cbd782f0e475ac6be9"
dependencies = [
 "libc 0.1.12",
]

[[package]]
name = "inotify"
version = "0.1.12"
source = "registry+https://github.com/rust-lang/crates.io-index"
checksum = "97f24cabe84c981a9a10dc19b0030020d683a93c55240c2ba220e149d68fd8ee"
dependencies = [
 "libc 0.1.12",
]

[[package]]
name = "kernel32-sys"
version = "0.2.1"
source = "registry+https://github.com/rust-lang/crates.io-index"
checksum = "b5b5e7edf375e6d26243bde172f1d5ed1446f4a766fc9b7006e1fd27258243f1"
dependencies = [
 "winapi 0.2.5",
 "winapi-build",
]

[[package]]
name = "libc"
version = "0.1.12"
source = "registry+https://github.com/rust-lang/crates.io-index"
checksum = "e32a70cf75e5846d53a673923498228bbec6a8624708a9ea5645f075d6276122"

[[package]]
name = "libc"
version = "0.2.126"
source = "registry+https://github.com/rust-lang/crates.io-index"
checksum = "349d5a591cd28b49e1d1037471617a32ddcda5731b99419008085f72d5a53836"

[[package]]
name = "log"
version = "0.3.5"
source = "registry+https://github.com/rust-lang/crates.io-index"
checksum = "038b5d13189a14e5b6ac384fdb7c691a45ef0885f6d2dddbf422e6c3506b8234"
dependencies = [
 "libc 0.2.126",
]

[[package]]
name = "mio"
version = "0.5.0"
source = "registry+https://github.com/rust-lang/crates.io-index"
checksum = "7b506ea50508bd30f10fd9eca67095a3f22ca63dc7c0415634cac28ff23a3faa"
dependencies = [
 "bytes",
 "libc 0.1.12",
 "log",
 "miow",
 "net2",
 "nix",
 "slab",
 "time",
 "winapi 0.2.5",
]

[[package]]
name = "miow"
version = "0.1.1"
source = "registry+https://github.com/rust-lang/crates.io-index"
checksum = "19dd2acac9e4e876438276917e9423c79f54ede143912f8eecee71fa9d90a61d"
dependencies = [
 "kernel32-sys",
 "libc 0.2.126",
 "net2",
 "winapi 0.2.5",
 "ws2_32-sys",
]

[[package]]
name = "net2"
version = "0.2.37"
source = "registry+https://github.com/rust-lang/crates.io-index"
checksum = "391630d12b68002ae1e25e8f974306474966550ad82dac6886fb8910c19568ae"
dependencies = [
 "cfg-if",
 "libc 0.2.126",
 "winapi 0.3.9",
]

[[package]]
name = "nix"
version = "0.4.2"
source = "registry+https://github.com/rust-lang/crates.io-index"
checksum = "afbbf1030ee400300c3baacae708faca40231046f20b2664b161508c7959adde"
dependencies = [
 "bitflags 0.3.3",
 "libc 0.1.12",
]

[[package]]
name = "notify"
version = "2.5.4"
source = "registry+https://github.com/rust-lang/crates.io-index"
checksum = "f4963bee7b30dad3ca4a6ba82cc5e691ec5b32b6d252050abcdbff4e9253e293"
dependencies = [
 "bitflags 0.4.0",
 "filetime",
 "fsevent",
 "fsevent-sys",
 "inotify",
 "kernel32-sys",
 "libc 0.2.126",
 "log",
 "mio",
 "time",
 "walkdir",
 "winapi 0.2.5",
]

[[package]]
name = "slab"
version = "0.1.3"
source = "registry+https://github.com/rust-lang/crates.io-index"
checksum = "d807fd58c4181bbabed77cb3b891ba9748241a552bcc5be698faaebefc54f46e"

[[package]]
name = "time"
version = "0.1.34"
source = "registry+https://github.com/rust-lang/crates.io-index"
checksum = "8c4aeaa1c95974f5763c3a5ac0db95a19793589bcea5d22e161b5587e3aad029"
dependencies = [
 "kernel32-sys",
 "libc 0.2.126",
 "winapi 0.2.5",
]

[[package]]
name = "walkdir"
version = "0.1.5"
source = "registry+https://github.com/rust-lang/crates.io-index"
checksum = "7ad450634b9022aeb0e8e7f1c79c1ded92d0fc5bee831033d148479771bd218d"
dependencies = [
 "kernel32-sys",
 "winapi 0.2.5",
]

[[package]]
name = "winapi"
version = "0.2.5"
source = "registry+https://github.com/rust-lang/crates.io-index"
checksum = "dc3583688b861fcd83c2823d37cf2cd2446c233dd7ba3f97884d1a7302817537"

[[package]]
name = "winapi"
version = "0.3.9"
source = "registry+https://github.com/rust-lang/crates.io-index"
checksum = "5c839a674fcd7a98952e593242ea400abe93992746761e38641405d28b00f419"
dependencies = [
 "winapi-i686-pc-windows-gnu",
 "winapi-x86_64-pc-windows-gnu",
]

[[package]]
name = "winapi-build"
version = "0.1.1"
source = "registry+https://github.com/rust-lang/crates.io-index"
checksum = "2d315eee3b34aca4797b2da6b13ed88266e6d612562a0c46390af8299fc699bc"

[[package]]
name = "winapi-i686-pc-windows-gnu"
version = "0.4.0"
source = "registry+https://github.com/rust-lang/crates.io-index"
checksum = "ac3b87c63620426dd9b991e5ce0329eff545bccbbb34f3be09ff6fb6ab51b7b6"

[[package]]
name = "winapi-x86_64-pc-windows-gnu"
version = "0.4.0"
source = "registry+https://github.com/rust-lang/crates.io-index"
checksum = "712e227841d057c1ee1cd2fb22fa7e5a5461ae8e48fa2ca79ec42cfc1931183f"

[[package]]
name = "ws2_32-sys"
version = "0.2.1"
source = "registry+https://github.com/rust-lang/crates.io-index"
checksum = "d59cefebd0c892fa2dd6de581e937301d8552cb44489cdff035c6187cb63fa5e"
dependencies = [
 "winapi 0.2.5",
 "winapi-build",
]
