# THIS IS AN AUTOGENERATED FILE. DO NOT EDIT THIS FILE DIRECTLY.
# yarn lockfile v1


abab@^1.0.0, abab@^1.0.3:
  version "1.0.3"
  resolved "https://registry.npmjs.org/abab/-/abab-1.0.3.tgz#b81de5f7274ec4e756d797cd834f303642724e5d"

abbrev@1:
  version "1.1.0"
  resolved "https://registry.npmjs.org/abbrev/-/abbrev-1.1.0.tgz#d0554c2256636e2f56e7c2e5ad183f859428d81f"

acorn-globals@^1.0.4:
  version "1.0.9"
  resolved "https://registry.npmjs.org/acorn-globals/-/acorn-globals-1.0.9.tgz#55bb5e98691507b74579d0513413217c380c54cf"
  dependencies:
    acorn "^2.1.0"

acorn-globals@^3.1.0:
  version "3.1.0"
  resolved "https://registry.npmjs.org/acorn-globals/-/acorn-globals-3.1.0.tgz#fd8270f71fbb4996b004fa880ee5d46573a731bf"
  dependencies:
    acorn "^4.0.4"

acorn@^2.1.0, acorn@^2.4.0:
  version "2.7.0"
  resolved "https://registry.npmjs.org/acorn/-/acorn-2.7.0.tgz#ab6e7d9d886aaca8b085bc3312b79a198433f0e7"

acorn@^4.0.4:
  version "4.0.11"
  resolved "https://registry.npmjs.org/acorn/-/acorn-4.0.11.tgz#edcda3bd937e7556410d42ed5860f67399c794c0"

ajv@^4.9.1:
  version "4.11.5"
  resolved "https://registry.npmjs.org/ajv/-/ajv-4.11.5.tgz#b6ee74657b993a01dce44b7944d56f485828d5bd"
  dependencies:
    co "^4.6.0"
    json-stable-stringify "^1.0.1"

amdefine@>=0.0.4:
  version "1.0.1"
  resolved "https://registry.npmjs.org/amdefine/-/amdefine-1.0.1.tgz#4a5282ac164729e93619bcfd3ad151f817ce91f5"

ansi-regex@^0.2.0, ansi-regex@^0.2.1:
  version "0.2.1"
  resolved "https://registry.npmjs.org/ansi-regex/-/ansi-regex-0.2.1.tgz#0d8e946967a3d8143f93e24e298525fc1b2235f9"

ansi-styles@^1.1.0:
  version "1.1.0"
  resolved "https://registry.npmjs.org/ansi-styles/-/ansi-styles-1.1.0.tgz#eaecbf66cd706882760b2f4691582b8f55d7a7de"

array-equal@^1.0.0:
  version "1.0.0"
  resolved "https://registry.npmjs.org/array-equal/-/array-equal-1.0.0.tgz#8c2a5ef2472fd9ea742b04c77a75093ba2757c93"

asn1@~0.2.3:
  version "0.2.3"
  resolved "https://registry.npmjs.org/asn1/-/asn1-0.2.3.tgz#dac8787713c9966849fc8180777ebe9c1ddf3b86"

assert-plus@1.0.0, assert-plus@^1.0.0:
  version "1.0.0"
  resolved "https://registry.npmjs.org/assert-plus/-/assert-plus-1.0.0.tgz#f12e0f3c5d77b0b1cdd9146942e4e96c1e4dd525"

assert-plus@^0.2.0:
  version "0.2.0"
  resolved "https://registry.npmjs.org/assert-plus/-/assert-plus-0.2.0.tgz#d74e1b87e7affc0db8aadb7021f3fe48101ab234"

asynckit@^0.4.0:
  version "0.4.0"
  resolved "https://registry.npmjs.org/asynckit/-/asynckit-0.4.0.tgz#c79ed97f7f34cb8f2ba1bc9790bcc366474b4b79"

aws-sign2@~0.6.0:
  version "0.6.0"
  resolved "https://registry.npmjs.org/aws-sign2/-/aws-sign2-0.6.0.tgz#14342dd38dbcc94d0e5b87d763cd63612c0e794f"

aws4@^1.2.1:
  version "1.6.0"
  resolved "https://registry.npmjs.org/aws4/-/aws4-1.6.0.tgz#83ef5ca860b2b32e4a0deedee8c771b9db57471e"

bcrypt-pbkdf@^1.0.0:
  version "1.0.1"
  resolved "https://registry.npmjs.org/bcrypt-pbkdf/-/bcrypt-pbkdf-1.0.1.tgz#63bc5dcb61331b92bc05fd528953c33462a06f8d"
  dependencies:
    tweetnacl "^0.14.3"

boom@2.x.x:
  version "2.10.1"
  resolved "https://registry.npmjs.org/boom/-/boom-2.10.1.tgz#39c8918ceff5799f83f9492a848f625add0c766f"
  dependencies:
    hoek "2.x.x"

caseless@~0.12.0:
  version "0.12.0"
  resolved "https://registry.npmjs.org/caseless/-/caseless-0.12.0.tgz#1b681c21ff84033c826543090689420d187151dc"

chalk@^0.5.1:
  version "0.5.1"
  resolved "https://registry.npmjs.org/chalk/-/chalk-0.5.1.tgz#663b3a648b68b55d04690d49167aa837858f2174"
  dependencies:
    ansi-styles "^1.1.0"
    escape-string-regexp "^1.0.0"
    has-ansi "^0.1.0"
    strip-ansi "^0.3.0"
    supports-color "^0.2.0"

co@^4.6.0:
  version "4.6.0"
  resolved "https://registry.npmjs.org/co/-/co-4.6.0.tgz#6ea6bdf3d853ae54ccb8e47bfa0bf3f9031fb184"

combined-stream@^1.0.5, combined-stream@~1.0.5:
  version "1.0.5"
  resolved "https://registry.npmjs.org/combined-stream/-/combined-stream-1.0.5.tgz#938370a57b4a51dea2c77c15d5c5fdf895164009"
  dependencies:
    delayed-stream "~1.0.0"

commander@2:
  version "2.9.0"
  resolved "https://registry.npmjs.org/commander/-/commander-2.9.0.tgz#9c99094176e12240cb22d6c5146098400fe0f7d4"
  dependencies:
    graceful-readlink ">= 1.0.0"

content-type-parser@^1.0.1:
  version "1.0.1"
  resolved "https://registry.npmjs.org/content-type-parser/-/content-type-parser-1.0.1.tgz#c3e56988c53c65127fb46d4032a3a900246fdc94"

cp-data@1.1.3:
  version "1.1.3"
  resolved "https://registry.npmjs.org/cp-data/-/cp-data-1.1.3.tgz#b705f637992db68f37e2d48de525b1d66dd5b372"

cryptiles@2.x.x:
  version "2.0.5"
  resolved "https://registry.npmjs.org/cryptiles/-/cryptiles-2.0.5.tgz#3bdfecdc608147c1c67202fa291e7dca59eaa3b8"
  dependencies:
    boom "2.x.x"

cssom@0.3.x, "cssom@>= 0.3.0 < 0.4.0", "cssom@>= 0.3.2 < 0.4.0":
  version "0.3.2"
  resolved "https://registry.npmjs.org/cssom/-/cssom-0.3.2.tgz#b8036170c79f07a90ff2f16e22284027a243848b"

"cssstyle@>= 0.2.36 < 0.3.0", "cssstyle@>= 0.2.37 < 0.3.0":
  version "0.2.37"
  resolved "https://registry.npmjs.org/cssstyle/-/cssstyle-0.2.37.tgz#541097234cb2513c83ceed3acddc27ff27987d54"
  dependencies:
    cssom "0.3.x"

d3-array@1, d3-array@1.0.2:
  version "1.0.2"
  resolved "https://registry.npmjs.org/d3-array/-/d3-array-1.0.2.tgz#174237bf356a852fadd6af87743d928631de7655"

d3-axis@1.0.4:
  version "1.0.4"
  resolved "https://registry.npmjs.org/d3-axis/-/d3-axis-1.0.4.tgz#bdfdcf5e859824062e0f17ad920f76236e72512c"

d3-brush@1.0.3:
  version "1.0.3"
  resolved "https://registry.npmjs.org/d3-brush/-/d3-brush-1.0.3.tgz#4fa5374cc3b755d0990bf76b71b7a66417751c74"
  dependencies:
    d3-dispatch "1"
    d3-drag "1"
    d3-interpolate "1"
    d3-selection "1"
    d3-transition "1"

d3-chord@1.0.3:
  version "1.0.3"
  resolved "https://registry.npmjs.org/d3-chord/-/d3-chord-1.0.3.tgz#a398bae7cb632a3c4ea687a555a6b9ee4609d990"
  dependencies:
    d3-array "1"
    d3-path "1"

d3-collection@1, d3-collection@1.0.2:
  version "1.0.2"
  resolved "https://registry.npmjs.org/d3-collection/-/d3-collection-1.0.2.tgz#df5acb5400443e9eabe9c1379896c67e52426b39"

d3-color@1, d3-color@1.0.2:
  version "1.0.2"
  resolved "https://registry.npmjs.org/d3-color/-/d3-color-1.0.2.tgz#83cb4b3a9474e40795f009d97e97a15649830bbc"

d3-dispatch@1, d3-dispatch@1.0.2:
  version "1.0.2"
  resolved "https://registry.npmjs.org/d3-dispatch/-/d3-dispatch-1.0.2.tgz#5b511e79a46a1f89492841c0a8f656687d5daa0a"

d3-drag@1, d3-drag@1.0.2:
  version "1.0.2"
  resolved "https://registry.npmjs.org/d3-drag/-/d3-drag-1.0.2.tgz#d634cc3f7689f99dd03fd7eb1af2945c0f4339ad"
  dependencies:
    d3-dispatch "1"
    d3-selection "1"

d3-dsv@1, d3-dsv@1.0.3:
  version "1.0.3"
  resolved "https://registry.npmjs.org/d3-dsv/-/d3-dsv-1.0.3.tgz#049fe43c0f5f60c7ff7d376616bc76d6fc9d378f"
  dependencies:
    commander "2"
    iconv-lite "0.4"
    rw "1"

d3-ease@1, d3-ease@1.0.2:
  version "1.0.2"
  resolved "https://registry.npmjs.org/d3-ease/-/d3-ease-1.0.2.tgz#b486f8f3ca308ca7be38197d65622b6e30983377"

d3-force@1.0.4:
  version "1.0.4"
  resolved "https://registry.npmjs.org/d3-force/-/d3-force-1.0.4.tgz#f84dcbb3200be41de7bc30fa71923143156758bf"
  dependencies:
    d3-collection "1"
    d3-dispatch "1"
    d3-quadtree "1"
    d3-timer "1"

d3-format@1, d3-format@1.0.2:
  version "1.0.2"
  resolved "https://registry.npmjs.org/d3-format/-/d3-format-1.0.2.tgz#138618320b4bbeb43b5c0ff30519079fbbd7375e"

d3-geo@1.4.0:
  version "1.4.0"
  resolved "https://registry.npmjs.org/d3-geo/-/d3-geo-1.4.0.tgz#15e58c414b5bafa1a960eeeb29059c94a60d8408"
  dependencies:
    d3-array "1"

d3-hierarchy@1.0.3:
  version "1.0.3"
  resolved "https://registry.npmjs.org/d3-hierarchy/-/d3-hierarchy-1.0.3.tgz#986b4925e81f1e0b4087e9442850f950cf27d338"

d3-interpolate@1, d3-interpolate@1.1.2:
  version "1.1.2"
  resolved "https://registry.npmjs.org/d3-interpolate/-/d3-interpolate-1.1.2.tgz#b52e6927a04fe1fe2a4cffc139e5389ed3e5e790"
  dependencies:
    d3-color "1"

d3-node@^1.0.1:
  version "1.0.1"
  resolved "https://registry.npmjs.org/d3-node/-/d3-node-1.0.1.tgz#639ae25746d5dae329db7841fd85736290062999"
  dependencies:
    d3 "4.4.0"
    jsdom "9.4.1"

d3-path@1, d3-path@1.0.3:
  version "1.0.3"
  resolved "https://registry.npmjs.org/d3-path/-/d3-path-1.0.3.tgz#60103d0dea9a6cd6ca58de86c6d56724002d3fde"

d3-polygon@1.0.2:
  version "1.0.2"
  resolved "https://registry.npmjs.org/d3-polygon/-/d3-polygon-1.0.2.tgz#6552c0fb03aa2d05023351da6e0e8adc4df0202b"

d3-quadtree@1, d3-quadtree@1.0.2:
  version "1.0.2"
  resolved "https://registry.npmjs.org/d3-quadtree/-/d3-quadtree-1.0.2.tgz#e7e873af06aaa427eaa4af094cc4cbfb350b9e38"

d3-queue@3.0.3:
  version "3.0.3"
  resolved "https://registry.npmjs.org/d3-queue/-/d3-queue-3.0.3.tgz#10ee4dd0574a1affaabfb931d0ba4f117926edc6"

d3-random@1.0.2:
  version "1.0.2"
  resolved "https://registry.npmjs.org/d3-random/-/d3-random-1.0.2.tgz#83ff6a391206209c30565299e43c6549866db269"

d3-request@1.0.3:
  version "1.0.3"
  resolved "https://registry.npmjs.org/d3-request/-/d3-request-1.0.3.tgz#63fc7dfd784607db0df5d535d7cb898fceba755a"
  dependencies:
    d3-collection "1"
    d3-dispatch "1"
    d3-dsv "1"
    xmlhttprequest "1"

d3-scale@1.0.4:
  version "1.0.4"
  resolved "https://registry.npmjs.org/d3-scale/-/d3-scale-1.0.4.tgz#50e28bf6a193b706745528515ed9b3d44205a033"
  dependencies:
    d3-array "1"
    d3-collection "1"
    d3-color "1"
    d3-format "1"
    d3-interpolate "1"
    d3-time "1"
    d3-time-format "2"

d3-selection@1, d3-selection@1.0.3:
  version "1.0.3"
  resolved "https://registry.npmjs.org/d3-selection/-/d3-selection-1.0.3.tgz#e63e51416172427854c1bcdfa066eb5fe872c108"

d3-shape@1.0.4:
  version "1.0.4"
  resolved "https://registry.npmjs.org/d3-shape/-/d3-shape-1.0.4.tgz#145ee100ccbec42f8e3f1996cd05c786f79fe1c6"
  dependencies:
    d3-path "1"

d3-time-format@2, d3-time-format@2.0.3:
  version "2.0.3"
  resolved "https://registry.npmjs.org/d3-time-format/-/d3-time-format-2.0.3.tgz#3241569b74ddc9c42e0689c0e8a903579fd6280a"
  dependencies:
    d3-time "1"

d3-time@1, d3-time@1.0.4:
  version "1.0.4"
  resolved "https://registry.npmjs.org/d3-time/-/d3-time-1.0.4.tgz#2ceba09a76b7450c992a1ded4e10fc6195e69649"

d3-timer@1, d3-timer@1.0.3:
  version "1.0.3"
  resolved "https://registry.npmjs.org/d3-timer/-/d3-timer-1.0.3.tgz#7a308a10c8524778e6b32d1d6c1c329209ae0ebf"

d3-transition@1, d3-transition@1.0.3:
  version "1.0.3"
  resolved "https://registry.npmjs.org/d3-transition/-/d3-transition-1.0.3.tgz#91dc986bddb30973639320a85db72ce4ab1a27bb"
  dependencies:
    d3-color "1"
    d3-dispatch "1"
    d3-ease "1"
    d3-interpolate "1"
    d3-selection "1"
    d3-timer "1"

d3-voronoi@1.1.0:
  version "1.1.0"
  resolved "https://registry.npmjs.org/d3-voronoi/-/d3-voronoi-1.1.0.tgz#69ea59563cf1e75d1c6c45edc803c6583768f628"

d3-zoom@1.1.0:
  version "1.1.0"
  resolved "https://registry.npmjs.org/d3-zoom/-/d3-zoom-1.1.0.tgz#29869cfd164928dd238aaa4365145741dcf1301f"
  dependencies:
    d3-dispatch "1"
    d3-drag "1"
    d3-interpolate "1"
    d3-selection "1"
    d3-transition "1"

d3@3.5.6, d3@^3.3.8:
  version "3.5.6"
  resolved "https://registry.npmjs.org/d3/-/d3-3.5.6.tgz#9451c651ca733fb9672c81fb7f2655164a73a42d"

d3@4.4.0:
  version "4.4.0"
  resolved "https://registry.npmjs.org/d3/-/d3-4.4.0.tgz#aec4ad0fd574304a909b012fac4783fbbcf9f096"
  dependencies:
    d3-array "1.0.2"
    d3-axis "1.0.4"
    d3-brush "1.0.3"
    d3-chord "1.0.3"
    d3-collection "1.0.2"
    d3-color "1.0.2"
    d3-dispatch "1.0.2"
    d3-drag "1.0.2"
    d3-dsv "1.0.3"
    d3-ease "1.0.2"
    d3-force "1.0.4"
    d3-format "1.0.2"
    d3-geo "1.4.0"
    d3-hierarchy "1.0.3"
    d3-interpolate "1.1.2"
    d3-path "1.0.3"
    d3-polygon "1.0.2"
    d3-quadtree "1.0.2"
    d3-queue "3.0.3"
    d3-random "1.0.2"
    d3-request "1.0.3"
    d3-scale "1.0.4"
    d3-selection "1.0.3"
    d3-shape "1.0.4"
    d3-time "1.0.4"
    d3-time-format "2.0.3"
    d3-timer "1.0.3"
    d3-transition "1.0.3"
    d3-voronoi "1.1.0"
    d3-zoom "1.1.0"

dagre-d3@0.4.10:
  version "0.4.10"
  resolved "https://registry.npmjs.org/dagre-d3/-/dagre-d3-0.4.10.tgz#6c9aa0c52a38ee8176f3cc96d42a1210d799018f"
  dependencies:
    d3 "^3.3.8"
    dagre "^0.7.3"
    graphlib "^1.0.5"
    lodash "^3.10.0"

dagre@0.4.x:
  version "0.4.6"
  resolved "https://registry.npmjs.org/dagre/-/dagre-0.4.6.tgz#622aba8144b08580b3b90b09816a0809791f30b0"
  dependencies:
    cp-data "1.1.3"
    graphlib "0.7.4"

dagre@^0.7.3, dagre@^0.7.4:
  version "0.7.4"
  resolved "https://registry.npmjs.org/dagre/-/dagre-0.7.4.tgz#de72f0e74a550ce11ce638f0a136fed712398022"
  dependencies:
    graphlib "^1.0.5"
    lodash "^3.10.0"

dashdash@^1.12.0:
  version "1.14.1"
  resolved "https://registry.npmjs.org/dashdash/-/dashdash-1.14.1.tgz#853cfa0f7cbe2fed5de20326b8dd581035f6e2f0"
  dependencies:
    assert-plus "^1.0.0"

deep-is@~0.1.3:
  version "0.1.3"
  resolved "https://registry.npmjs.org/deep-is/-/deep-is-0.1.3.tgz#b369d6fb5dbc13eecf524f91b070feedc357cf34"

delayed-stream@~1.0.0:
  version "1.0.0"
  resolved "https://registry.npmjs.org/delayed-stream/-/delayed-stream-1.0.0.tgz#df3ae199acadfb7d440aaae0b29e2272b24ec619"

ecc-jsbn@~0.1.1:
  version "0.1.1"
  resolved "https://registry.npmjs.org/ecc-jsbn/-/ecc-jsbn-0.1.1.tgz#0fc73a9ed5f0d53c38193398523ef7e543777505"
  dependencies:
    jsbn "~0.1.0"

escape-string-regexp@^1.0.0:
  version "1.0.5"
  resolved "https://registry.npmjs.org/escape-string-regexp/-/escape-string-regexp-1.0.5.tgz#1b61c0562190a8dff6ae3bb2cf0200ca130b86d4"

escodegen@^1.6.1:
  version "1.8.1"
  resolved "https://registry.npmjs.org/escodegen/-/escodegen-1.8.1.tgz#5a5b53af4693110bebb0867aa3430dd3b70a1018"
  dependencies:
    esprima "^2.7.1"
    estraverse "^1.9.1"
    esutils "^2.0.2"
    optionator "^0.8.1"
  optionalDependencies:
    source-map "~0.2.0"

esprima@^2.7.1:
  version "2.7.3"
  resolved "https://registry.npmjs.org/esprima/-/esprima-2.7.3.tgz#96e3b70d5779f6ad49cd032673d1c312767ba581"

estraverse@^1.9.1:
  version "1.9.3"
  resolved "https://registry.npmjs.org/estraverse/-/estraverse-1.9.3.tgz#af67f2dc922582415950926091a4005d29c9bb44"

esutils@^2.0.2:
  version "2.0.2"
  resolved "https://registry.npmjs.org/esutils/-/esutils-2.0.2.tgz#0abf4f1caa5bcb1f7a9d8acc6dea4faaa04bac9b"

extend@~3.0.0:
  version "3.0.0"
  resolved "https://registry.npmjs.org/extend/-/extend-3.0.0.tgz#5a474353b9f3353ddd8176dfd37b91c83a46f1d4"

extsprintf@1.0.2:
  version "1.0.2"
  resolved "https://registry.npmjs.org/extsprintf/-/extsprintf-1.0.2.tgz#e1080e0658e300b06294990cc70e1502235fd550"

fast-levenshtein@~2.0.4:
  version "2.0.6"
  resolved "https://registry.npmjs.org/fast-levenshtein/-/fast-levenshtein-2.0.6.tgz#3d8a5c66883a16a30ca8643e851f19baa7797917"

forever-agent@~0.6.1:
  version "0.6.1"
  resolved "https://registry.npmjs.org/forever-agent/-/forever-agent-0.6.1.tgz#fbc71f0c41adeb37f96c577ad1ed42d8fdacca91"

form-data@~2.1.1:
  version "2.1.2"
  resolved "https://registry.npmjs.org/form-data/-/form-data-2.1.2.tgz#89c3534008b97eada4cbb157d58f6f5df025eae4"
  dependencies:
    asynckit "^0.4.0"
    combined-stream "^1.0.5"
    mime-types "^2.1.12"

getpass@^0.1.1:
  version "0.1.6"
  resolved "https://registry.npmjs.org/getpass/-/getpass-0.1.6.tgz#283ffd9fc1256840875311c1b60e8c40187110e6"
  dependencies:
    assert-plus "^1.0.0"

gl-matrix@^2.3.2:
  version "2.3.2"
  resolved "https://registry.npmjs.org/gl-matrix/-/gl-matrix-2.3.2.tgz#aac808c74af7d5db05fe04cb60ca1a0fcb174d74"

"graceful-readlink@>= 1.0.0":
  version "1.0.1"
  resolved "https://registry.npmjs.org/graceful-readlink/-/graceful-readlink-1.0.1.tgz#4cafad76bc62f02fa039b2f94e9a3dd3a391a725"

graphlib@0.7.4:
  version "0.7.4"
  resolved "https://registry.npmjs.org/graphlib/-/graphlib-0.7.4.tgz#41027ea381c3db06bb0c1b0be936d732859edda7"
  dependencies:
    cp-data "1.1.3"

graphlib@^1.0.5:
  version "1.0.7"
  resolved "https://registry.npmjs.org/graphlib/-/graphlib-1.0.7.tgz#0cab2df0ffe6abe070b2625bfa1edb6ec967b8b1"
  dependencies:
    lodash "^3.10.0"

har-schema@^1.0.5:
  version "1.0.5"
  resolved "https://registry.npmjs.org/har-schema/-/har-schema-1.0.5.tgz#d263135f43307c02c602afc8fe95970c0151369e"

har-validator@~4.2.1:
  version "4.2.1"
  resolved "https://registry.npmjs.org/har-validator/-/har-validator-4.2.1.tgz#33481d0f1bbff600dd203d75812a6a5fba002e2a"
  dependencies:
    ajv "^4.9.1"
    har-schema "^1.0.5"

has-ansi@^0.1.0:
  version "0.1.0"
  resolved "https://registry.npmjs.org/has-ansi/-/has-ansi-0.1.0.tgz#84f265aae8c0e6a88a12d7022894b7568894c62e"
  dependencies:
    ansi-regex "^0.2.0"

hawk@~3.1.3:
  version "3.1.3"
  resolved "https://registry.npmjs.org/hawk/-/hawk-3.1.3.tgz#078444bd7c1640b0fe540d2c9b73d59678e8e1c4"
  dependencies:
    boom "2.x.x"
    cryptiles "2.x.x"
    hoek "2.x.x"
    sntp "1.x.x"

he@^0.5.0:
  version "0.5.0"
  resolved "https://registry.npmjs.org/he/-/he-0.5.0.tgz#2c05ffaef90b68e860f3fd2b54ef580989277ee2"

highlight.js@^9.10.0:
  version "9.10.0"
  resolved "https://registry.npmjs.org/highlight.js/-/highlight.js-9.10.0.tgz#f9f0b14c0be00f0e4fb1e577b749fed9e6f52f55"

hoek@2.x.x:
  version "2.16.3"
  resolved "https://registry.npmjs.org/hoek/-/hoek-2.16.3.tgz#20bb7403d3cea398e91dc4710a8ff1b8274a25ed"

html-encoding-sniffer@^1.0.1:
  version "1.0.1"
  resolved "https://registry.npmjs.org/html-encoding-sniffer/-/html-encoding-sniffer-1.0.1.tgz#79bf7a785ea495fe66165e734153f363ff5437da"
  dependencies:
    whatwg-encoding "^1.0.1"

http-signature@~1.1.0:
  version "1.1.1"
  resolved "https://registry.npmjs.org/http-signature/-/http-signature-1.1.1.tgz#df72e267066cd0ac67fb76adf8e134a8fbcf91bf"
  dependencies:
    assert-plus "^0.2.0"
    jsprim "^1.2.2"
    sshpk "^1.7.0"

iconv-lite@0.4, iconv-lite@0.4.13, iconv-lite@^0.4.13:
  version "0.4.13"
  resolved "https://registry.npmjs.org/iconv-lite/-/iconv-lite-0.4.13.tgz#1f88aba4ab0b1508e8312acc39345f36e992e2f2"

image-size@^0.5.1:
  version "0.5.1"
  resolved "https://registry.npmjs.org/image-size/-/image-size-0.5.1.tgz#28eea8548a4b1443480ddddc1e083ae54652439f"

is-typedarray@~1.0.0:
  version "1.0.0"
  resolved "https://registry.npmjs.org/is-typedarray/-/is-typedarray-1.0.0.tgz#e479c80858df0c1b11ddda6940f96011fcda4a9a"

isexe@^2.0.0:
  version "2.0.0"
  resolved "https://registry.npmjs.org/isexe/-/isexe-2.0.0.tgz#e8fbf374dc556ff8947a10dcb0572d633f2cfa10"

isstream@~0.1.2:
  version "0.1.2"
  resolved "https://registry.npmjs.org/isstream/-/isstream-0.1.2.tgz#47e63f7af55afa6f92e1500e690eb8b8529c099a"

jodid25519@^1.0.0:
  version "1.0.2"
  resolved "https://registry.npmjs.org/jodid25519/-/jodid25519-1.0.2.tgz#06d4912255093419477d425633606e0e90782967"
  dependencies:
    jsbn "~0.1.0"

jsbn@~0.1.0:
  version "0.1.1"
  resolved "https://registry.npmjs.org/jsbn/-/jsbn-0.1.1.tgz#a5e654c2e5a2deb5f201d96cefbca80c0ef2f513"

jsdom@9.4.1:
  version "9.4.1"
  resolved "https://registry.npmjs.org/jsdom/-/jsdom-9.4.1.tgz#b322c91872584beb214276ad35f6b475bacf1238"
  dependencies:
    abab "^1.0.0"
    acorn "^2.4.0"
    acorn-globals "^1.0.4"
    array-equal "^1.0.0"
    cssom ">= 0.3.0 < 0.4.0"
    cssstyle ">= 0.2.36 < 0.3.0"
    escodegen "^1.6.1"
    iconv-lite "^0.4.13"
    nwmatcher ">= 1.3.7 < 2.0.0"
    parse5 "^1.5.1"
    request "^2.55.0"
    sax "^1.1.4"
    symbol-tree ">= 3.1.0 < 4.0.0"
    tough-cookie "^2.2.0"
    webidl-conversions "^3.0.1"
    whatwg-url "^3.0.0"
    xml-name-validator ">= 2.0.1 < 3.0.0"

jsdom@^9.12.0:
  version "9.12.0"
  resolved "https://registry.npmjs.org/jsdom/-/jsdom-9.12.0.tgz#e8c546fffcb06c00d4833ca84410fed7f8a097d4"
  dependencies:
    abab "^1.0.3"
    acorn "^4.0.4"
    acorn-globals "^3.1.0"
    array-equal "^1.0.0"
    content-type-parser "^1.0.1"
    cssom ">= 0.3.2 < 0.4.0"
    cssstyle ">= 0.2.37 < 0.3.0"
    escodegen "^1.6.1"
    html-encoding-sniffer "^1.0.1"
    nwmatcher ">= 1.3.9 < 2.0.0"
    parse5 "^1.5.1"
    request "^2.79.0"
    sax "^1.2.1"
    symbol-tree "^3.2.1"
    tough-cookie "^2.3.2"
    webidl-conversions "^4.0.0"
    whatwg-encoding "^1.0.1"
    whatwg-url "^4.3.0"
    xml-name-validator "^2.0.1"

json-schema@0.2.3:
  version "0.2.3"
  resolved "https://registry.npmjs.org/json-schema/-/json-schema-0.2.3.tgz#b480c892e59a2f05954ce727bd3f2a4e882f9e13"

json-stable-stringify@^1.0.1:
  version "1.0.1"
  resolved "https://registry.npmjs.org/json-stable-stringify/-/json-stable-stringify-1.0.1.tgz#9a759d39c5f2ff503fd5300646ed445f88c4f9af"
  dependencies:
    jsonify "~0.0.0"

json-stringify-safe@~5.0.1:
  version "5.0.1"
  resolved "https://registry.npmjs.org/json-stringify-safe/-/json-stringify-safe-5.0.1.tgz#1296a2d58fd45f19a0f6ce01d65701e2c735b6eb"

jsonify@~0.0.0:
  version "0.0.0"
  resolved "https://registry.npmjs.org/jsonify/-/jsonify-0.0.0.tgz#2c74b6ee41d93ca51b7b5aaee8f503631d252a73"

jsprim@^1.2.2:
  version "1.4.0"
  resolved "https://registry.npmjs.org/jsprim/-/jsprim-1.4.0.tgz#a3b87e40298d8c380552d8cc7628a0bb95a22918"
  dependencies:
    assert-plus "1.0.0"
    extsprintf "1.0.2"
    json-schema "0.2.3"
    verror "1.3.6"

levn@~0.3.0:
  version "0.3.0"
  resolved "https://registry.npmjs.org/levn/-/levn-0.3.0.tgz#3b09924edf9f083c0490fdd4c0bc4421e04764ee"
  dependencies:
    prelude-ls "~1.1.2"
    type-check "~0.3.2"

lodash@^3.10.0:
  version "3.10.1"
  resolved "https://registry.npmjs.org/lodash/-/lodash-3.10.1.tgz#5bf45e8e49ba4189e17d482789dfd15bd140b7b6"

lodash@^4.6.1:
  version "4.17.4"
  resolved "https://registry.npmjs.org/lodash/-/lodash-4.17.4.tgz#78203a4d1c328ae1d86dca6460e369b57f4055ae"

lodash@~3.7.0:
  version "3.7.0"
  resolved "https://registry.npmjs.org/lodash/-/lodash-3.7.0.tgz#3678bd8ab995057c07ade836ed2ef087da811d45"

markdown@^0.5.0:
  version "0.5.0"
  resolved "https://registry.npmjs.org/markdown/-/markdown-0.5.0.tgz#28205b565a8ae7592de207463d6637dc182722b2"
  dependencies:
    nopt "~2.1.1"

mermaid@^7.0.0:
  version "7.0.0"
  resolved "https://registry.npmjs.org/mermaid/-/mermaid-7.0.0.tgz#75e35212f78813fd7fc717ad36b7df81a9b80561"
  dependencies:
    chalk "^0.5.1"
    d3 "3.5.6"
    dagre "^0.7.4"
    dagre-d3 "0.4.10"
    he "^0.5.0"
    lodash "^4.6.1"
    minimist "^1.1.0"
    mkdirp "^0.5.0"
    moment "^2.9.0"
    semver "^4.1.1"
    which "^1.0.8"

mime-db@~1.27.0:
  version "1.27.0"
  resolved "https://registry.npmjs.org/mime-db/-/mime-db-1.27.0.tgz#820f572296bbd20ec25ed55e5b5de869e5436eb1"

mime-types@^2.1.12, mime-types@~2.1.7:
  version "2.1.15"
  resolved "https://registry.npmjs.org/mime-types/-/mime-types-2.1.15.tgz#a4ebf5064094569237b8cf70046776d09fc92aed"
  dependencies:
    mime-db "~1.27.0"

minimist@0.0.8:
  version "0.0.8"
  resolved "https://registry.npmjs.org/minimist/-/minimist-0.0.8.tgz#857fcabfc3397d2625b8228262e86aa7a011b05d"

minimist@^1.1.0:
  version "1.2.0"
  resolved "https://registry.npmjs.org/minimist/-/minimist-1.2.0.tgz#a35008b20f41383eec1fb914f4cd5df79a264284"

mkdirp@^0.5.0:
  version "0.5.1"
  resolved "https://registry.npmjs.org/mkdirp/-/mkdirp-0.5.1.tgz#30057438eac6cf7f8c4767f38648d6697d75c903"
  dependencies:
    minimist "0.0.8"

moment@^2.9.0:
  version "2.18.1"
  resolved "https://registry.npmjs.org/moment/-/moment-2.18.1.tgz#c36193dd3ce1c2eed2adb7c802dbbc77a81b1c0f"

nomnoml@^0.0.4:
  version "0.0.4"
  resolved "https://registry.npmjs.org/nomnoml/-/nomnoml-0.0.4.tgz#f7cf7988934983fbd40b485aedc0100aea2f556e"
  dependencies:
    dagre "0.4.x"
    lodash "~3.7.0"

nopt@~2.1.1:
  version "2.1.2"
  resolved "https://registry.npmjs.org/nopt/-/nopt-2.1.2.tgz#6cccd977b80132a07731d6e8ce58c2c8303cf9af"
  dependencies:
    abbrev "1"

"nwmatcher@>= 1.3.7 < 2.0.0", "nwmatcher@>= 1.3.9 < 2.0.0":
  version "1.3.9"
  resolved "https://registry.npmjs.org/nwmatcher/-/nwmatcher-1.3.9.tgz#8bab486ff7fa3dfd086656bbe8b17116d3692d2a"

oauth-sign@~0.8.1:
  version "0.8.2"
  resolved "https://registry.npmjs.org/oauth-sign/-/oauth-sign-0.8.2.tgz#46a6ab7f0aead8deae9ec0565780b7d4efeb9d43"

optionator@^0.8.1:
  version "0.8.2"
  resolved "https://registry.npmjs.org/optionator/-/optionator-0.8.2.tgz#364c5e409d3f4d6301d6c0b4c05bba50180aeb64"
  dependencies:
    deep-is "~0.1.3"
    fast-levenshtein "~2.0.4"
    levn "~0.3.0"
    prelude-ls "~1.1.2"
    type-check "~0.3.2"
    wordwrap "~1.0.0"

parse5@^1.5.1:
  version "1.5.1"
  resolved "https://registry.npmjs.org/parse5/-/parse5-1.5.1.tgz#9b7f3b0de32be78dc2401b17573ccaf0f6f59d94"

performance-now@^0.2.0:
  version "0.2.0"
  resolved "https://registry.npmjs.org/performance-now/-/performance-now-0.2.0.tgz#33ef30c5c77d4ea21c5a53869d91b56d8f2555e5"

prelude-ls@~1.1.2:
  version "1.1.2"
  resolved "https://registry.npmjs.org/prelude-ls/-/prelude-ls-1.1.2.tgz#21932a549f5e52ffd9a827f570e04be62a97da54"

punycode@^1.4.1:
  version "1.4.1"
  resolved "https://registry.npmjs.org/punycode/-/punycode-1.4.1.tgz#c0d5a63b2718800ad8e1eb0fa5269c84dd41845e"

qs@~6.4.0:
  version "6.4.0"
  resolved "https://registry.npmjs.org/qs/-/qs-6.4.0.tgz#13e26d28ad6b0ffaa91312cd3bf708ed351e7233"

request@^2.55.0, request@^2.79.0:
  version "2.81.0"
  resolved "https://registry.npmjs.org/request/-/request-2.81.0.tgz#c6928946a0e06c5f8d6f8a9333469ffda46298a0"
  dependencies:
    aws-sign2 "~0.6.0"
    aws4 "^1.2.1"
    caseless "~0.12.0"
    combined-stream "~1.0.5"
    extend "~3.0.0"
    forever-agent "~0.6.1"
    form-data "~2.1.1"
    har-validator "~4.2.1"
    hawk "~3.1.3"
    http-signature "~1.1.0"
    is-typedarray "~1.0.0"
    isstream "~0.1.2"
    json-stringify-safe "~5.0.1"
    mime-types "~2.1.7"
    oauth-sign "~0.8.1"
    performance-now "^0.2.0"
    qs "~6.4.0"
    safe-buffer "^5.0.1"
    stringstream "~0.0.4"
    tough-cookie "~2.3.0"
    tunnel-agent "^0.6.0"
    uuid "^3.0.0"

rw@1:
  version "1.3.3"
  resolved "https://registry.npmjs.org/rw/-/rw-1.3.3.tgz#3f862dfa91ab766b14885ef4d01124bfda074fb4"

safe-buffer@^5.0.1:
  version "5.0.1"
  resolved "https://registry.npmjs.org/safe-buffer/-/safe-buffer-5.0.1.tgz#d263ca54696cd8a306b5ca6551e92de57918fbe7"

sax@^1.1.4, sax@^1.2.1:
  version "1.2.2"
  resolved "https://registry.npmjs.org/sax/-/sax-1.2.2.tgz#fd8631a23bc7826bef5d871bdb87378c95647828"

semver@^4.1.1:
  version "4.3.6"
  resolved "https://registry.npmjs.org/semver/-/semver-4.3.6.tgz#300bc6e0e86374f7ba61068b5b1ecd57fc6532da"

simple-dom@^0.3.2:
  version "0.3.2"
  resolved "https://registry.npmjs.org/simple-dom/-/simple-dom-0.3.2.tgz#0663d10f1556f1500551d518f56e3aba0871371d"

sntp@1.x.x:
  version "1.0.9"
  resolved "https://registry.npmjs.org/sntp/-/sntp-1.0.9.tgz#6541184cc90aeea6c6e7b35e2659082443c66198"
  dependencies:
    hoek "2.x.x"

source-map@~0.2.0:
  version "0.2.0"
  resolved "https://registry.npmjs.org/source-map/-/source-map-0.2.0.tgz#dab73fbcfc2ba819b4de03bd6f6eaa48164b3f9d"
  dependencies:
    amdefine ">=0.0.4"

sshpk@^1.7.0:
  version "1.11.0"
  resolved "https://registry.npmjs.org/sshpk/-/sshpk-1.11.0.tgz#2d8d5ebb4a6fab28ffba37fa62a90f4a3ea59d77"
  dependencies:
    asn1 "~0.2.3"
    assert-plus "^1.0.0"
    dashdash "^1.12.0"
    getpass "^0.1.1"
  optionalDependencies:
    bcrypt-pbkdf "^1.0.0"
    ecc-jsbn "~0.1.1"
    jodid25519 "^1.0.0"
    jsbn "~0.1.0"
    tweetnacl "~0.14.0"

stringstream@~0.0.4:
  version "0.0.5"
  resolved "https://registry.npmjs.org/stringstream/-/stringstream-0.0.5.tgz#4e484cd4de5a0bbbee18e46307710a8a81621878"

strip-ansi@^0.3.0:
  version "0.3.0"
  resolved "https://registry.npmjs.org/strip-ansi/-/strip-ansi-0.3.0.tgz#25f48ea22ca79187f3174a4db8759347bb126220"
  dependencies:
    ansi-regex "^0.2.1"

supports-color@^0.2.0:
  version "0.2.0"
  resolved "https://registry.npmjs.org/supports-color/-/supports-color-0.2.0.tgz#d92de2694eb3f67323973d7ae3d8b55b4c22190a"

svg.js@^2.5.1:
  version "2.5.1"
  resolved "https://registry.npmjs.org/svg.js/-/svg.js-2.5.1.tgz#885e7134338212407b2b8e1e059f0a6f5fa5275e"

svgdom@^0.0.6:
  version "0.0.6"
  resolved "https://registry.npmjs.org/svgdom/-/svgdom-0.0.6.tgz#592247ba61461d9941fcb351c92b9c5029dae025"
  dependencies:
    gl-matrix "^2.3.2"
    image-size "^0.5.1"

"symbol-tree@>= 3.1.0 < 4.0.0", symbol-tree@^3.2.1:
  version "3.2.2"
  resolved "https://registry.npmjs.org/symbol-tree/-/symbol-tree-3.2.2.tgz#ae27db38f660a7ae2e1c3b7d1bc290819b8519e6"

tough-cookie@^2.2.0, tough-cookie@^2.3.2, tough-cookie@~2.3.0:
  version "2.3.2"
  resolved "https://registry.npmjs.org/tough-cookie/-/tough-cookie-2.3.2.tgz#f081f76e4c85720e6c37a5faced737150d84072a"
  dependencies:
    punycode "^1.4.1"

tr46@~0.0.3:
  version "0.0.3"
  resolved "https://registry.npmjs.org/tr46/-/tr46-0.0.3.tgz#8184fd347dac9cdc185992f3a6622e14b9d9ab6a"

tunnel-agent@^0.6.0:
  version "0.6.0"
  resolved "https://registry.npmjs.org/tunnel-agent/-/tunnel-agent-0.6.0.tgz#27a5dea06b36b04a0a9966774b290868f0fc40fd"
  dependencies:
    safe-buffer "^5.0.1"

tweetnacl@^0.14.3, tweetnacl@~0.14.0:
  version "0.14.5"
  resolved "https://registry.npmjs.org/tweetnacl/-/tweetnacl-0.14.5.tgz#5ae68177f192d4456269d108afa93ff8743f4f64"

type-check@~0.3.2:
  version "0.3.2"
  resolved "https://registry.npmjs.org/type-check/-/type-check-0.3.2.tgz#5884cab512cf1d355e3fb784f30804b2b520db72"
  dependencies:
    prelude-ls "~1.1.2"

uuid@^3.0.0:
  version "3.0.1"
  resolved "https://registry.npmjs.org/uuid/-/uuid-3.0.1.tgz#6544bba2dfda8c1cf17e629a3a305e2bb1fee6c1"

verror@1.3.6:
  version "1.3.6"
  resolved "https://registry.npmjs.org/verror/-/verror-1.3.6.tgz#cff5df12946d297d2baaefaa2689e25be01c005c"
  dependencies:
    extsprintf "1.0.2"

webidl-conversions@^3.0.0, webidl-conversions@^3.0.1:
  version "3.0.1"
  resolved "https://registry.npmjs.org/webidl-conversions/-/webidl-conversions-3.0.1.tgz#24534275e2a7bc6be7bc86611cc16ae0a5654871"

webidl-conversions@^4.0.0:
  version "4.0.1"
  resolved "https://registry.npmjs.org/webidl-conversions/-/webidl-conversions-4.0.1.tgz#8015a17ab83e7e1b311638486ace81da6ce206a0"

whatwg-encoding@^1.0.1:
  version "1.0.1"
  resolved "https://registry.npmjs.org/whatwg-encoding/-/whatwg-encoding-1.0.1.tgz#3c6c451a198ee7aec55b1ec61d0920c67801a5f4"
  dependencies:
    iconv-lite "0.4.13"

whatwg-url@^3.0.0:
  version "3.1.0"
  resolved "https://registry.npmjs.org/whatwg-url/-/whatwg-url-3.1.0.tgz#7bdcae490f921aef6451fb6739ec6bbd8e907bf6"
  dependencies:
    tr46 "~0.0.3"
    webidl-conversions "^3.0.0"

whatwg-url@^4.3.0:
  version "4.6.0"
  resolved "https://registry.npmjs.org/whatwg-url/-/whatwg-url-4.6.0.tgz#ef98da442273be04cf9632e176f257d2395a1ae4"
  dependencies:
    tr46 "~0.0.3"
    webidl-conversions "^3.0.0"

which@^1.0.8:
  version "1.2.14"
  resolved "https://registry.npmjs.org/which/-/which-1.2.14.tgz#9a87c4378f03e827cecaf1acdf56c736c01c14e5"
  dependencies:
    isexe "^2.0.0"

wordwrap@~1.0.0:
  version "1.0.0"
  resolved "https://registry.npmjs.org/wordwrap/-/wordwrap-1.0.0.tgz#27584810891456a4171c8d0226441ade90cbcaeb"

"xml-name-validator@>= 2.0.1 < 3.0.0", xml-name-validator@^2.0.1:
  version "2.0.1"
  resolved "https://registry.npmjs.org/xml-name-validator/-/xml-name-validator-2.0.1.tgz#4d8b8f1eccd3419aa362061becef515e1e559635"

xmlhttprequest@1:
  version "1.8.0"
  resolved "https://registry.npmjs.org/xmlhttprequest/-/xmlhttprequest-1.8.0.tgz#67fe075c5c24fef39f9d65f5f7b7fe75171968fc"
